// !$*UTF8*$!
{
	archiveVersion = 1;
	classes = {
	};
	objectVersion = 46;
	objects = {

/* Begin PBXBuildFile section */
		7C101F7019AF101800E9B3C4 /* TextFieldViewController.swift in Sources */ = {isa = PBXBuildFile; fileRef = 7C101F6F19AF101800E9B3C4 /* TextFieldViewController.swift */; };
		7C101F7219AF17FB00E9B3C4 /* TextViewCtrl.swift in Sources */ = {isa = PBXBuildFile; fileRef = 7C101F7119AF17FB00E9B3C4 /* TextViewCtrl.swift */; };
		7CE81F3319AD83B10044EA8F /* FontViewController.swift in Sources */ = {isa = PBXBuildFile; fileRef = 7CE81F3219AD83B10044EA8F /* FontViewController.swift */; };
		7CE81F3519ADA6CA0044EA8F /* LabelViewController.swift in Sources */ = {isa = PBXBuildFile; fileRef = 7CE81F3419ADA6CA0044EA8F /* LabelViewController.swift */; };
		7CE81F3719ADA7100044EA8F /* BaseViewController.swift in Sources */ = {isa = PBXBuildFile; fileRef = 7CE81F3619ADA7100044EA8F /* BaseViewController.swift */; };
		7CE81F3919ADC0290044EA8F /* ExtensionUIKit.swift in Sources */ = {isa = PBXBuildFile; fileRef = 7CE81F3819ADC0290044EA8F /* ExtensionUIKit.swift */; };
		7CE81F3B19ADD0DC0044EA8F /* ButtonViewController.swift in Sources */ = {isa = PBXBuildFile; fileRef = 7CE81F3A19ADD0DC0044EA8F /* ButtonViewController.swift */; };
		F0669F6119A99571001CD19C /* AppDelegate.swift in Sources */ = {isa = PBXBuildFile; fileRef = F0669F6019A99571001CD19C /* AppDelegate.swift */; };
		F0669F6319A99571001CD19C /* ViewController.swift in Sources */ = {isa = PBXBuildFile; fileRef = F0669F6219A99571001CD19C /* ViewController.swift */; };
		F0669F6619A99571001CD19C /* Main.storyboard in Resources */ = {isa = PBXBuildFile; fileRef = F0669F6419A99571001CD19C /* Main.storyboard */; };
		F0669F6819A99571001CD19C /* Images.xcassets in Resources */ = {isa = PBXBuildFile; fileRef = F0669F6719A99571001CD19C /* Images.xcassets */; };
		F0669F7419A99571001CD19C /* LearnSwiftTests.swift in Sources */ = {isa = PBXBuildFile; fileRef = F0669F7319A99571001CD19C /* LearnSwiftTests.swift */; };
		F0669F8219A99C33001CD19C /* DetailViewController.swift in Sources */ = {isa = PBXBuildFile; fileRef = F0669F8119A99C33001CD19C /* DetailViewController.swift */; };
/* End PBXBuildFile section */

/* Begin PBXContainerItemProxy section */
		F0669F6E19A99571001CD19C /* PBXContainerItemProxy */ = {
			isa = PBXContainerItemProxy;
			containerPortal = F0669F5319A99571001CD19C /* Project object */;
			proxyType = 1;
			remoteGlobalIDString = F0669F5A19A99571001CD19C;
			remoteInfo = LearnSwift;
		};
/* End PBXContainerItemProxy section */

/* Begin PBXFileReference section */
		7C101F6F19AF101800E9B3C4 /* TextFieldViewController.swift */ = {isa = PBXFileReference; fileEncoding = 4; lastKnownFileType = sourcecode.swift; path = TextFieldViewController.swift; sourceTree = "<group>"; };
		7C101F7119AF17FB00E9B3C4 /* TextViewCtrl.swift */ = {isa = PBXFileReference; fileEncoding = 4; lastKnownFileType = sourcecode.swift; path = TextViewCtrl.swift; sourceTree = "<group>"; };
		7CE81F3219AD83B10044EA8F /* FontViewController.swift */ = {isa = PBXFileReference; fileEncoding = 4; lastKnownFileType = sourcecode.swift; path = FontViewController.swift; sourceTree = "<group>"; };
		7CE81F3419ADA6CA0044EA8F /* LabelViewController.swift */ = {isa = PBXFileReference; fileEncoding = 4; lastKnownFileType = sourcecode.swift; path = LabelViewController.swift; sourceTree = "<group>"; };
		7CE81F3619ADA7100044EA8F /* BaseViewController.swift */ = {isa = PBXFileReference; fileEncoding = 4; lastKnownFileType = sourcecode.swift; path = BaseViewController.swift; sourceTree = "<group>"; };
		7CE81F3819ADC0290044EA8F /* ExtensionUIKit.swift */ = {isa = PBXFileReference; fileEncoding = 4; lastKnownFileType = sourcecode.swift; path = ExtensionUIKit.swift; sourceTree = "<group>"; };
		7CE81F3A19ADD0DC0044EA8F /* ButtonViewController.swift */ = {isa = PBXFileReference; fileEncoding = 4; lastKnownFileType = sourcecode.swift; path = ButtonViewController.swift; sourceTree = "<group>"; };
		F0669F5B19A99571001CD19C /* LearnSwift.app */ = {isa = PBXFileReference; explicitFileType = wrapper.application; includeInIndex = 0; path = LearnSwift.app; sourceTree = BUILT_PRODUCTS_DIR; };
		F0669F5F19A99571001CD19C /* Info.plist */ = {isa = PBXFileReference; lastKnownFileType = text.plist.xml; path = Info.plist; sourceTree = "<group>"; };
		F0669F6019A99571001CD19C /* AppDelegate.swift */ = {isa = PBXFileReference; lastKnownFileType = sourcecode.swift; path = AppDelegate.swift; sourceTree = "<group>"; };
		F0669F6219A99571001CD19C /* ViewController.swift */ = {isa = PBXFileReference; lastKnownFileType = sourcecode.swift; path = ViewController.swift; sourceTree = "<group>"; };
		F0669F6519A99571001CD19C /* Base */ = {isa = PBXFileReference; lastKnownFileType = file.storyboard; name = Base; path = Base.lproj/Main.storyboard; sourceTree = "<group>"; };
		F0669F6719A99571001CD19C /* Images.xcassets */ = {isa = PBXFileReference; lastKnownFileType = folder.assetcatalog; path = Images.xcassets; sourceTree = "<group>"; };
		F0669F6D19A99571001CD19C /* LearnSwiftTests.xctest */ = {isa = PBXFileReference; explicitFileType = wrapper.cfbundle; includeInIndex = 0; path = LearnSwiftTests.xctest; sourceTree = BUILT_PRODUCTS_DIR; };
		F0669F7219A99571001CD19C /* Info.plist */ = {isa = PBXFileReference; lastKnownFileType = text.plist.xml; path = Info.plist; sourceTree = "<group>"; };
		F0669F7319A99571001CD19C /* LearnSwiftTests.swift */ = {isa = PBXFileReference; lastKnownFileType = sourcecode.swift; path = LearnSwiftTests.swift; sourceTree = "<group>"; };
		F0669F8119A99C33001CD19C /* DetailViewController.swift */ = {isa = PBXFileReference; fileEncoding = 4; lastKnownFileType = sourcecode.swift; path = DetailViewController.swift; sourceTree = "<group>"; };
/* End PBXFileReference section */

/* Begin PBXFrameworksBuildPhase section */
		F0669F5819A99571001CD19C /* Frameworks */ = {
			isa = PBXFrameworksBuildPhase;
			buildActionMask = 2147483647;
			files = (
			);
			runOnlyForDeploymentPostprocessing = 0;
		};
		F0669F6A19A99571001CD19C /* Frameworks */ = {
			isa = PBXFrameworksBuildPhase;
			buildActionMask = 2147483647;
			files = (
			);
			runOnlyForDeploymentPostprocessing = 0;
		};
/* End PBXFrameworksBuildPhase section */

/* Begin PBXGroup section */
		F0669F5219A99571001CD19C = {
			isa = PBXGroup;
			children = (
				F0669F5D19A99571001CD19C /* LearnSwift */,
				F0669F7019A99571001CD19C /* LearnSwiftTests */,
				F0669F5C19A99571001CD19C /* Products */,
			);
			sourceTree = "<group>";
		};
		F0669F5C19A99571001CD19C /* Products */ = {
			isa = PBXGroup;
			children = (
				F0669F5B19A99571001CD19C /* LearnSwift.app */,
				F0669F6D19A99571001CD19C /* LearnSwiftTests.xctest */,
			);
			name = Products;
			sourceTree = "<group>";
		};
		F0669F5D19A99571001CD19C /* LearnSwift */ = {
			isa = PBXGroup;
			children = (
				F0669F6019A99571001CD19C /* AppDelegate.swift */,
				7CE81F3619ADA7100044EA8F /* BaseViewController.swift */,
				7CE81F3819ADC0290044EA8F /* ExtensionUIKit.swift */,
				F0669F6219A99571001CD19C /* ViewController.swift */,
				F0669F8119A99C33001CD19C /* DetailViewController.swift */,
				7CE81F3219AD83B10044EA8F /* FontViewController.swift */,
				7CE81F3419ADA6CA0044EA8F /* LabelViewController.swift */,
				7CE81F3A19ADD0DC0044EA8F /* ButtonViewController.swift */,
				7C101F6F19AF101800E9B3C4 /* TextFieldViewController.swift */,
				7C101F7119AF17FB00E9B3C4 /* TextViewCtrl.swift */,
				F0669F6419A99571001CD19C /* Main.storyboard */,
				F0669F6719A99571001CD19C /* Images.xcassets */,
				F0669F5E19A99571001CD19C /* Supporting Files */,
			);
			path = LearnSwift;
			sourceTree = "<group>";
		};
		F0669F5E19A99571001CD19C /* Supporting Files */ = {
			isa = PBXGroup;
			children = (
				F0669F5F19A99571001CD19C /* Info.plist */,
			);
			name = "Supporting Files";
			sourceTree = "<group>";
		};
		F0669F7019A99571001CD19C /* LearnSwiftTests */ = {
			isa = PBXGroup;
			children = (
				F0669F7319A99571001CD19C /* LearnSwiftTests.swift */,
				F0669F7119A99571001CD19C /* Supporting Files */,
			);
			path = LearnSwiftTests;
			sourceTree = "<group>";
		};
		F0669F7119A99571001CD19C /* Supporting Files */ = {
			isa = PBXGroup;
			children = (
				F0669F7219A99571001CD19C /* Info.plist */,
			);
			name = "Supporting Files";
			sourceTree = "<group>";
		};
/* End PBXGroup section */

/* Begin PBXNativeTarget section */
		F0669F5A19A99571001CD19C /* LearnSwift */ = {
			isa = PBXNativeTarget;
			buildConfigurationList = F0669F7719A99571001CD19C /* Build configuration list for PBXNativeTarget "LearnSwift" */;
			buildPhases = (
				F0669F5719A99571001CD19C /* Sources */,
				F0669F5819A99571001CD19C /* Frameworks */,
				F0669F5919A99571001CD19C /* Resources */,
			);
			buildRules = (
			);
			dependencies = (
			);
			name = LearnSwift;
			productName = LearnSwift;
			productReference = F0669F5B19A99571001CD19C /* LearnSwift.app */;
			productType = "com.apple.product-type.application";
		};
		F0669F6C19A99571001CD19C /* LearnSwiftTests */ = {
			isa = PBXNativeTarget;
			buildConfigurationList = F0669F7A19A99571001CD19C /* Build configuration list for PBXNativeTarget "LearnSwiftTests" */;
			buildPhases = (
				F0669F6919A99571001CD19C /* Sources */,
				F0669F6A19A99571001CD19C /* Frameworks */,
				F0669F6B19A99571001CD19C /* Resources */,
			);
			buildRules = (
			);
			dependencies = (
				F0669F6F19A99571001CD19C /* PBXTargetDependency */,
			);
			name = LearnSwiftTests;
			productName = LearnSwiftTests;
			productReference = F0669F6D19A99571001CD19C /* LearnSwiftTests.xctest */;
			productType = "com.apple.product-type.bundle.unit-test";
		};
/* End PBXNativeTarget section */

/* Begin PBXProject section */
		F0669F5319A99571001CD19C /* Project object */ = {
			isa = PBXProject;
			attributes = {
				LastUpgradeCheck = 0600;
				ORGANIZATIONNAME = QiMengJin_LYS;
				TargetAttributes = {
					F0669F5A19A99571001CD19C = {
						CreatedOnToolsVersion = 6.0;
					};
					F0669F6C19A99571001CD19C = {
						CreatedOnToolsVersion = 6.0;
						TestTargetID = F0669F5A19A99571001CD19C;
					};
				};
			};
			buildConfigurationList = F0669F5619A99571001CD19C /* Build configuration list for PBXProject "LearnSwift" */;
			compatibilityVersion = "Xcode 3.2";
			developmentRegion = English;
			hasScannedForEncodings = 0;
			knownRegions = (
				en,
				Base,
			);
			mainGroup = F0669F5219A99571001CD19C;
			productRefGroup = F0669F5C19A99571001CD19C /* Products */;
			projectDirPath = "";
			projectRoot = "";
			targets = (
				F0669F5A19A99571001CD19C /* LearnSwift */,
				F0669F6C19A99571001CD19C /* LearnSwiftTests */,
			);
		};
/* End PBXProject section */

/* Begin PBXResourcesBuildPhase section */
		F0669F5919A99571001CD19C /* Resources */ = {
			isa = PBXResourcesBuildPhase;
			buildActionMask = 2147483647;
			files = (
				F0669F6619A99571001CD19C /* Main.storyboard in Resources */,
				F0669F6819A99571001CD19C /* Images.xcassets in Resources */,
			);
			runOnlyForDeploymentPostprocessing = 0;
		};
		F0669F6B19A99571001CD19C /* Resources */ = {
			isa = PBXResourcesBuildPhase;
			buildActionMask = 2147483647;
			files = (
			);
			runOnlyForDeploymentPostprocessing = 0;
		};
/* End PBXResourcesBuildPhase section */

/* Begin PBXSourcesBuildPhase section */
		F0669F5719A99571001CD19C /* Sources */ = {
			isa = PBXSourcesBuildPhase;
			buildActionMask = 2147483647;
			files = (
				7CE81F3B19ADD0DC0044EA8F /* ButtonViewController.swift in Sources */,
				F0669F8219A99C33001CD19C /* DetailViewController.swift in Sources */,
				7C101F7219AF17FB00E9B3C4 /* TextViewCtrl.swift in Sources */,
				7CE81F3519ADA6CA0044EA8F /* LabelViewController.swift in Sources */,
				7CE81F3919ADC0290044EA8F /* ExtensionUIKit.swift in Sources */,
				7CE81F3319AD83B10044EA8F /* FontViewController.swift in Sources */,
				F0669F6319A99571001CD19C /* ViewController.swift in Sources */,
				F0669F6119A99571001CD19C /* AppDelegate.swift in Sources */,
				7CE81F3719ADA7100044EA8F /* BaseViewController.swift in Sources */,
				7C101F7019AF101800E9B3C4 /* TextFieldViewController.swift in Sources */,
			);
			runOnlyForDeploymentPostprocessing = 0;
		};
		F0669F6919A99571001CD19C /* Sources */ = {
			isa = PBXSourcesBuildPhase;
			buildActionMask = 2147483647;
			files = (
				F0669F7419A99571001CD19C /* LearnSwiftTests.swift in Sources */,
			);
			runOnlyForDeploymentPostprocessing = 0;
		};
/* End PBXSourcesBuildPhase section */

/* Begin PBXTargetDependency section */
		F0669F6F19A99571001CD19C /* PBXTargetDependency */ = {
			isa = PBXTargetDependency;
			target = F0669F5A19A99571001CD19C /* LearnSwift */;
			targetProxy = F0669F6E19A99571001CD19C /* PBXContainerItemProxy */;
		};
/* End PBXTargetDependency section */

/* Begin PBXVariantGroup section */
		F0669F6419A99571001CD19C /* Main.storyboard */ = {
			isa = PBXVariantGroup;
			children = (
				F0669F6519A99571001CD19C /* Base */,
			);
			name = Main.storyboard;
			sourceTree = "<group>";
		};
/* End PBXVariantGroup section */

/* Begin XCBuildConfiguration section */
		F0669F7519A99571001CD19C /* Debug */ = {
			isa = XCBuildConfiguration;
			buildSettings = {
				ALWAYS_SEARCH_USER_PATHS = NO;
				CLANG_CXX_LANGUAGE_STANDARD = "gnu++0x";
				CLANG_CXX_LIBRARY = "libc++";
				CLANG_ENABLE_MODULES = YES;
				CLANG_ENABLE_OBJC_ARC = YES;
				CLANG_WARN_BOOL_CONVERSION = YES;
				CLANG_WARN_CONSTANT_CONVERSION = YES;
				CLANG_WARN_DIRECT_OBJC_ISA_USAGE = YES_ERROR;
				CLANG_WARN_EMPTY_BODY = YES;
				CLANG_WARN_ENUM_CONVERSION = YES;
				CLANG_WARN_INT_CONVERSION = YES;
				CLANG_WARN_OBJC_ROOT_CLASS = YES_ERROR;
				CLANG_WARN_UNREACHABLE_CODE = YES;
				CLANG_WARN__DUPLICATE_METHOD_MATCH = YES;
				"CODE_SIGN_IDENTITY[sdk=iphoneos*]" = "iPhone Developer";
				COPY_PHASE_STRIP = NO;
				ENABLE_STRICT_OBJC_MSGSEND = YES;
				GCC_C_LANGUAGE_STANDARD = gnu99;
				GCC_DYNAMIC_NO_PIC = NO;
				GCC_OPTIMIZATION_LEVEL = 0;
				GCC_PREPROCESSOR_DEFINITIONS = (
					"DEBUG=1",
					"$(inherited)",
				);
				GCC_SYMBOLS_PRIVATE_EXTERN = NO;
				GCC_WARN_64_TO_32_BIT_CONVERSION = YES;
				GCC_WARN_ABOUT_RETURN_TYPE = YES_ERROR;
				GCC_WARN_UNDECLARED_SELECTOR = YES;
				GCC_WARN_UNINITIALIZED_AUTOS = YES_AGGRESSIVE;
				GCC_WARN_UNUSED_FUNCTION = YES;
				GCC_WARN_UNUSED_VARIABLE = YES;
				IPHONEOS_DEPLOYMENT_TARGET = 7.0;
				MTL_ENABLE_DEBUG_INFO = YES;
				ONLY_ACTIVE_ARCH = YES;
				SDKROOT = iphoneos;
				SWIFT_OPTIMIZATION_LEVEL = "-Onone";
			};
			name = Debug;
		};
		F0669F7619A99571001CD19C /* Release */ = {
			isa = XCBuildConfiguration;
			buildSettings = {
				ALWAYS_SEARCH_USER_PATHS = NO;
				CLANG_CXX_LANGUAGE_STANDARD = "gnu++0x";
				CLANG_CXX_LIBRARY = "libc++";
				CLANG_ENABLE_MODULES = YES;
				CLANG_ENABLE_OBJC_ARC = YES;
				CLANG_WARN_BOOL_CONVERSION = YES;
				CLANG_WARN_CONSTANT_CONVERSION = YES;
				CLANG_WARN_DIRECT_OBJC_ISA_USAGE = YES_ERROR;
				CLANG_WARN_EMPTY_BODY = YES;
				CLANG_WARN_ENUM_CONVERSION = YES;
				CLANG_WARN_INT_CONVERSION = YES;
				CLANG_WARN_OBJC_ROOT_CLASS = YES_ERROR;
				CLANG_WARN_UNREACHABLE_CODE = YES;
				CLANG_WARN__DUPLICATE_METHOD_MATCH = YES;
				"CODE_SIGN_IDENTITY[sdk=iphoneos*]" = "iPhone Developer";
				COPY_PHASE_STRIP = YES;
				ENABLE_NS_ASSERTIONS = NO;
				ENABLE_STRICT_OBJC_MSGSEND = YES;
				GCC_C_LANGUAGE_STANDARD = gnu99;
				GCC_WARN_64_TO_32_BIT_CONVERSION = YES;
				GCC_WARN_ABOUT_RETURN_TYPE = YES_ERROR;
				GCC_WARN_UNDECLARED_SELECTOR = YES;
				GCC_WARN_UNINITIALIZED_AUTOS = YES_AGGRESSIVE;
				GCC_WARN_UNUSED_FUNCTION = YES;
				GCC_WARN_UNUSED_VARIABLE = YES;
				IPHONEOS_DEPLOYMENT_TARGET = 7.0;
				MTL_ENABLE_DEBUG_INFO = NO;
				SDKROOT = iphoneos;
				VALIDATE_PRODUCT = YES;
			};
			name = Release;
		};
		F0669F7819A99571001CD19C /* Debug */ = {
			isa = XCBuildConfiguration;
			buildSettings = {
				ASSETCATALOG_COMPILER_APPICON_NAME = AppIcon;
				ASSETCATALOG_COMPILER_LAUNCHIMAGE_NAME = LaunchImage;
				INFOPLIST_FILE = LearnSwift/Info.plist;
				IPHONEOS_DEPLOYMENT_TARGET = 7.0;
				LD_RUNPATH_SEARCH_PATHS = "$(inherited) @executable_path/Frameworks";
				PRODUCT_NAME = "$(TARGET_NAME)";
			};
			name = Debug;
		};
		F0669F7919A99571001CD19C /* Release */ = {
			isa = XCBuildConfiguration;
			buildSettings = {
				ASSETCATALOG_COMPILER_APPICON_NAME = AppIcon;
				ASSETCATALOG_COMPILER_LAUNCHIMAGE_NAME = LaunchImage;
				INFOPLIST_FILE = LearnSwift/Info.plist;
				IPHONEOS_DEPLOYMENT_TARGET = 7.0;
				LD_RUNPATH_SEARCH_PATHS = "$(inherited) @executable_path/Frameworks";
				PRODUCT_NAME = "$(TARGET_NAME)";
			};
			name = Release;
		};
		F0669F7B19A99571001CD19C /* Debug */ = {
			isa = XCBuildConfiguration;
			buildSettings = {
				BUNDLE_LOADER = "$(TEST_HOST)";
				FRAMEWORK_SEARCH_PATHS = (
					"$(SDKROOT)/Developer/Library/Frameworks",
					"$(inherited)",
				);
				GCC_PREPROCESSOR_DEFINITIONS = (
					"DEBUG=1",
					"$(inherited)",
				);
				INFOPLIST_FILE = LearnSwiftTests/Info.plist;
				LD_RUNPATH_SEARCH_PATHS = "$(inherited) @executable_path/Frameworks @loader_path/Frameworks";
				PRODUCT_NAME = "$(TARGET_NAME)";
				TEST_HOST = "$(BUILT_PRODUCTS_DIR)/LearnSwift.app/LearnSwift";
			};
			name = Debug;
		};
		F0669F7C19A99571001CD19C /* Release */ = {
			isa = XCBuildConfiguration;
			buildSettings = {
				BUNDLE_LOADER = "$(TEST_HOST)";
				FRAMEWORK_SEARCH_PATHS = (
					"$(SDKROOT)/Developer/Library/Frameworks",
					"$(inherited)",
				);
				INFOPLIST_FILE = LearnSwiftTests/Info.plist;
				LD_RUNPATH_SEARCH_PATHS = "$(inherited) @executable_path/Frameworks @loader_path/Frameworks";
				PRODUCT_NAME = "$(TARGET_NAME)";
				TEST_HOST = "$(BUILT_PRODUCTS_DIR)/LearnSwift.app/LearnSwift";
			};
			name = Release;
		};
/* End XCBuildConfiguration section */

/* Begin XCConfigurationList section */
		F0669F5619A99571001CD19C /* Build configuration list for PBXProject "LearnSwift" */ = {
			isa = XCConfigurationList;
			buildConfigurations = (
				F0669F7519A99571001CD19C /* Debug */,
				F0669F7619A99571001CD19C /* Release */,
			);
			defaultConfigurationIsVisible = 0;
			defaultConfigurationName = Release;
		};
		F0669F7719A99571001CD19C /* Build configuration list for PBXNativeTarget "LearnSwift" */ = {
			isa = XCConfigurationList;
			buildConfigurations = (
				F0669F7819A99571001CD19C /* Debug */,
				F0669F7919A99571001CD19C /* Release */,
			);
			defaultConfigurationIsVisible = 0;
			defaultConfigurationName = Release;
		};
		F0669F7A19A99571001CD19C /* Build configuration list for PBXNativeTarget "LearnSwiftTests" */ = {
			isa = XCConfigurationList;
			buildConfigurations = (
				F0669F7B19A99571001CD19C /* Debug */,
				F0669F7C19A99571001CD19C /* Release */,
			);
			defaultConfigurationIsVisible = 0;
			defaultConfigurationName = Release;
		};
/* End XCConfigurationList section */
	};
	rootObject = F0669F5319A99571001CD19C /* Project object */;
}
