// !$*UTF8*$!
{
	archiveVersion = 1;
	classes = {
	};
	objectVersion = 46;
	objects = {

/* Begin PBXBuildFile section */
		7C207B3019ACC20600AB2E17 /* AppDelegate.swift in Sources */ = {isa = PBXBuildFile; fileRef = 7C207B2F19ACC20600AB2E17 /* AppDelegate.swift */; };
		7C207B3319ACC20600AB2E17 /* QMFont.xcdatamodeld in Sources */ = {isa = PBXBuildFile; fileRef = 7C207B3119ACC20600AB2E17 /* QMFont.xcdatamodeld */; };
		7C207B3519ACC20600AB2E17 /* ViewController.swift in Sources */ = {isa = PBXBuildFile; fileRef = 7C207B3419ACC20600AB2E17 /* ViewController.swift */; };
		7C207B3819ACC20600AB2E17 /* Main.storyboard in Resources */ = {isa = PBXBuildFile; fileRef = 7C207B3619ACC20600AB2E17 /* Main.storyboard */; };
		7C207B3A19ACC20600AB2E17 /* Images.xcassets in Resources */ = {isa = PBXBuildFile; fileRef = 7C207B3919ACC20600AB2E17 /* Images.xcassets */; };
		7C207B4619ACC20600AB2E17 /* QMFontTests.swift in Sources */ = {isa = PBXBuildFile; fileRef = 7C207B4519ACC20600AB2E17 /* QMFontTests.swift */; };
/* End PBXBuildFile section */

/* Begin PBXContainerItemProxy section */
		7C207B4019ACC20600AB2E17 /* PBXContainerItemProxy */ = {
			isa = PBXContainerItemProxy;
			containerPortal = 7C207B2219ACC20600AB2E17 /* Project object */;
			proxyType = 1;
			remoteGlobalIDString = 7C207B2919ACC20600AB2E17;
			remoteInfo = QMFont;
		};
/* End PBXContainerItemProxy section */

/* Begin PBXFileReference section */
		7C207B2A19ACC20600AB2E17 /* QMFont.app */ = {isa = PBXFileReference; explicitFileType = wrapper.application; includeInIndex = 0; path = QMFont.app; sourceTree = BUILT_PRODUCTS_DIR; };
		7C207B2E19ACC20600AB2E17 /* Info.plist */ = {isa = PBXFileReference; lastKnownFileType = text.plist.xml; path = Info.plist; sourceTree = "<group>"; };
		7C207B2F19ACC20600AB2E17 /* AppDelegate.swift */ = {isa = PBXFileReference; lastKnownFileType = sourcecode.swift; path = AppDelegate.swift; sourceTree = "<group>"; };
		7C207B3219ACC20600AB2E17 /* QMFont.xcdatamodel */ = {isa = PBXFileReference; lastKnownFileType = wrapper.xcdatamodel; path = QMFont.xcdatamodel; sourceTree = "<group>"; };
		7C207B3419ACC20600AB2E17 /* ViewController.swift */ = {isa = PBXFileReference; lastKnownFileType = sourcecode.swift; path = ViewController.swift; sourceTree = "<group>"; };
		7C207B3719ACC20600AB2E17 /* Base */ = {isa = PBXFileReference; lastKnownFileType = file.storyboard; name = Base; path = Base.lproj/Main.storyboard; sourceTree = "<group>"; };
		7C207B3919ACC20600AB2E17 /* Images.xcassets */ = {isa = PBXFileReference; lastKnownFileType = folder.assetcatalog; path = Images.xcassets; sourceTree = "<group>"; };
		7C207B3F19ACC20600AB2E17 /* QMFontTests.xctest */ = {isa = PBXFileReference; explicitFileType = wrapper.cfbundle; includeInIndex = 0; path = QMFontTests.xctest; sourceTree = BUILT_PRODUCTS_DIR; };
		7C207B4419ACC20600AB2E17 /* Info.plist */ = {isa = PBXFileReference; lastKnownFileType = text.plist.xml; path = Info.plist; sourceTree = "<group>"; };
		7C207B4519ACC20600AB2E17 /* QMFontTests.swift */ = {isa = PBXFileReference; lastKnownFileType = sourcecode.swift; path = QMFontTests.swift; sourceTree = "<group>"; };
/* End PBXFileReference section */

/* Begin PBXFrameworksBuildPhase section */
		7C207B2719ACC20600AB2E17 /* Frameworks */ = {
			isa = PBXFrameworksBuildPhase;
			buildActionMask = 2147483647;
			files = (
			);
			runOnlyForDeploymentPostprocessing = 0;
		};
		7C207B3C19ACC20600AB2E17 /* Frameworks */ = {
			isa = PBXFrameworksBuildPhase;
			buildActionMask = 2147483647;
			files = (
			);
			runOnlyForDeploymentPostprocessing = 0;
		};
/* End PBXFrameworksBuildPhase section */

/* Begin PBXGroup section */
		7C207B2119ACC20600AB2E17 = {
			isa = PBXGroup;
			children = (
				7C207B2C19ACC20600AB2E17 /* QMFont */,
				7C207B4219ACC20600AB2E17 /* QMFontTests */,
				7C207B2B19ACC20600AB2E17 /* Products */,
			);
			sourceTree = "<group>";
		};
		7C207B2B19ACC20600AB2E17 /* Products */ = {
			isa = PBXGroup;
			children = (
				7C207B2A19ACC20600AB2E17 /* QMFont.app */,
				7C207B3F19ACC20600AB2E17 /* QMFontTests.xctest */,
			);
			name = Products;
			sourceTree = "<group>";
		};
		7C207B2C19ACC20600AB2E17 /* QMFont */ = {
			isa = PBXGroup;
			children = (
				7C207B2F19ACC20600AB2E17 /* AppDelegate.swift */,
				7C207B3419ACC20600AB2E17 /* ViewController.swift */,
				7C207B3619ACC20600AB2E17 /* Main.storyboard */,
				7C207B3919ACC20600AB2E17 /* Images.xcassets */,
				7C207B3119ACC20600AB2E17 /* QMFont.xcdatamodeld */,
				7C207B2D19ACC20600AB2E17 /* Supporting Files */,
			);
			path = QMFont;
			sourceTree = "<group>";
		};
		7C207B2D19ACC20600AB2E17 /* Supporting Files */ = {
			isa = PBXGroup;
			children = (
				7C207B2E19ACC20600AB2E17 /* Info.plist */,
			);
			name = "Supporting Files";
			sourceTree = "<group>";
		};
		7C207B4219ACC20600AB2E17 /* QMFontTests */ = {
			isa = PBXGroup;
			children = (
				7C207B4519ACC20600AB2E17 /* QMFontTests.swift */,
				7C207B4319ACC20600AB2E17 /* Supporting Files */,
			);
			path = QMFontTests;
			sourceTree = "<group>";
		};
		7C207B4319ACC20600AB2E17 /* Supporting Files */ = {
			isa = PBXGroup;
			children = (
				7C207B4419ACC20600AB2E17 /* Info.plist */,
			);
			name = "Supporting Files";
			sourceTree = "<group>";
		};
/* End PBXGroup section */

/* Begin PBXNativeTarget section */
		7C207B2919ACC20600AB2E17 /* QMFont */ = {
			isa = PBXNativeTarget;
			buildConfigurationList = 7C207B4919ACC20600AB2E17 /* Build configuration list for PBXNativeTarget "QMFont" */;
			buildPhases = (
				7C207B2619ACC20600AB2E17 /* Sources */,
				7C207B2719ACC20600AB2E17 /* Frameworks */,
				7C207B2819ACC20600AB2E17 /* Resources */,
			);
			buildRules = (
			);
			dependencies = (
			);
			name = QMFont;
			productName = QMFont;
			productReference = 7C207B2A19ACC20600AB2E17 /* QMFont.app */;
			productType = "com.apple.product-type.application";
		};
		7C207B3E19ACC20600AB2E17 /* QMFontTests */ = {
			isa = PBXNativeTarget;
			buildConfigurationList = 7C207B4C19ACC20600AB2E17 /* Build configuration list for PBXNativeTarget "QMFontTests" */;
			buildPhases = (
				7C207B3B19ACC20600AB2E17 /* Sources */,
				7C207B3C19ACC20600AB2E17 /* Frameworks */,
				7C207B3D19ACC20600AB2E17 /* Resources */,
			);
			buildRules = (
			);
			dependencies = (
				7C207B4119ACC20600AB2E17 /* PBXTargetDependency */,
			);
			name = QMFontTests;
			productName = QMFontTests;
			productReference = 7C207B3F19ACC20600AB2E17 /* QMFontTests.xctest */;
			productType = "com.apple.product-type.bundle.unit-test";
		};
/* End PBXNativeTarget section */

/* Begin PBXProject section */
		7C207B2219ACC20600AB2E17 /* Project object */ = {
			isa = PBXProject;
			attributes = {
				LastUpgradeCheck = 0600;
				ORGANIZATIONNAME = QiMeng_LYS;
				TargetAttributes = {
					7C207B2919ACC20600AB2E17 = {
						CreatedOnToolsVersion = 6.0;
					};
					7C207B3E19ACC20600AB2E17 = {
						CreatedOnToolsVersion = 6.0;
						TestTargetID = 7C207B2919ACC20600AB2E17;
					};
				};
			};
			buildConfigurationList = 7C207B2519ACC20600AB2E17 /* Build configuration list for PBXProject "QMFont" */;
			compatibilityVersion = "Xcode 3.2";
			developmentRegion = English;
			hasScannedForEncodings = 0;
			knownRegions = (
				en,
				Base,
			);
			mainGroup = 7C207B2119ACC20600AB2E17;
			productRefGroup = 7C207B2B19ACC20600AB2E17 /* Products */;
			projectDirPath = "";
			projectRoot = "";
			targets = (
				7C207B2919ACC20600AB2E17 /* QMFont */,
				7C207B3E19ACC20600AB2E17 /* QMFontTests */,
			);
		};
/* End PBXProject section */

/* Begin PBXResourcesBuildPhase section */
		7C207B2819ACC20600AB2E17 /* Resources */ = {
			isa = PBXResourcesBuildPhase;
			buildActionMask = 2147483647;
			files = (
				7C207B3819ACC20600AB2E17 /* Main.storyboard in Resources */,
				7C207B3A19ACC20600AB2E17 /* Images.xcassets in Resources */,
			);
			runOnlyForDeploymentPostprocessing = 0;
		};
		7C207B3D19ACC20600AB2E17 /* Resources */ = {
			isa = PBXResourcesBuildPhase;
			buildActionMask = 2147483647;
			files = (
			);
			runOnlyForDeploymentPostprocessing = 0;
		};
/* End PBXResourcesBuildPhase section */

/* Begin PBXSourcesBuildPhase section */
		7C207B2619ACC20600AB2E17 /* Sources */ = {
			isa = PBXSourcesBuildPhase;
			buildActionMask = 2147483647;
			files = (
				7C207B3519ACC20600AB2E17 /* ViewController.swift in Sources */,
				7C207B3319ACC20600AB2E17 /* QMFont.xcdatamodeld in Sources */,
				7C207B3019ACC20600AB2E17 /* AppDelegate.swift in Sources */,
			);
			runOnlyForDeploymentPostprocessing = 0;
		};
		7C207B3B19ACC20600AB2E17 /* Sources */ = {
			isa = PBXSourcesBuildPhase;
			buildActionMask = 2147483647;
			files = (
				7C207B4619ACC20600AB2E17 /* QMFontTests.swift in Sources */,
			);
			runOnlyForDeploymentPostprocessing = 0;
		};
/* End PBXSourcesBuildPhase section */

/* Begin PBXTargetDependency section */
		7C207B4119ACC20600AB2E17 /* PBXTargetDependency */ = {
			isa = PBXTargetDependency;
			target = 7C207B2919ACC20600AB2E17 /* QMFont */;
			targetProxy = 7C207B4019ACC20600AB2E17 /* PBXContainerItemProxy */;
		};
/* End PBXTargetDependency section */

/* Begin PBXVariantGroup section */
		7C207B3619ACC20600AB2E17 /* Main.storyboard */ = {
			isa = PBXVariantGroup;
			children = (
				7C207B3719ACC20600AB2E17 /* Base */,
			);
			name = Main.storyboard;
			sourceTree = "<group>";
		};
/* End PBXVariantGroup section */

/* Begin XCBuildConfiguration section */
		7C207B4719ACC20600AB2E17 /* Debug */ = {
			isa = XCBuildConfiguration;
			buildSettings = {
				ALWAYS_SEARCH_USER_PATHS = NO;
				CLANG_CXX_LANGUAGE_STANDARD = "gnu++0x";
				CLANG_CXX_LIBRARY = "libc++";
				CLANG_ENABLE_MODULES = YES;
				CLANG_ENABLE_OBJC_ARC = YES;
				CLANG_WARN_BOOL_CONVERSION = YES;
				CLANG_WARN_CONSTANT_CONVERSION = YES;
				CLANG_WARN_DIRECT_OBJC_ISA_USAGE = YES_ERROR;
				CLANG_WARN_EMPTY_BODY = YES;
				CLANG_WARN_ENUM_CONVERSION = YES;
				CLANG_WARN_INT_CONVERSION = YES;
				CLANG_WARN_OBJC_ROOT_CLASS = YES_ERROR;
				CLANG_WARN_UNREACHABLE_CODE = YES;
				CLANG_WARN__DUPLICATE_METHOD_MATCH = YES;
				"CODE_SIGN_IDENTITY[sdk=iphoneos*]" = "iPhone Developer";
				COPY_PHASE_STRIP = NO;
				ENABLE_STRICT_OBJC_MSGSEND = YES;
				GCC_C_LANGUAGE_STANDARD = gnu99;
				GCC_DYNAMIC_NO_PIC = NO;
				GCC_OPTIMIZATION_LEVEL = 0;
				GCC_PREPROCESSOR_DEFINITIONS = (
					"DEBUG=1",
					"$(inherited)",
				);
				GCC_SYMBOLS_PRIVATE_EXTERN = NO;
				GCC_WARN_64_TO_32_BIT_CONVERSION = YES;
				GCC_WARN_ABOUT_RETURN_TYPE = YES_ERROR;
				GCC_WARN_UNDECLARED_SELECTOR = YES;
				GCC_WARN_UNINITIALIZED_AUTOS = YES_AGGRESSIVE;
				GCC_WARN_UNUSED_FUNCTION = YES;
				GCC_WARN_UNUSED_VARIABLE = YES;
				IPHONEOS_DEPLOYMENT_TARGET = 7.0;
				MTL_ENABLE_DEBUG_INFO = YES;
				ONLY_ACTIVE_ARCH = YES;
				SDKROOT = iphoneos;
				SWIFT_OPTIMIZATION_LEVEL = "-Onone";
			};
			name = Debug;
		};
		7C207B4819ACC20600AB2E17 /* Release */ = {
			isa = XCBuildConfiguration;
			buildSettings = {
				ALWAYS_SEARCH_USER_PATHS = NO;
				CLANG_CXX_LANGUAGE_STANDARD = "gnu++0x";
				CLANG_CXX_LIBRARY = "libc++";
				CLANG_ENABLE_MODULES = YES;
				CLANG_ENABLE_OBJC_ARC = YES;
				CLANG_WARN_BOOL_CONVERSION = YES;
				CLANG_WARN_CONSTANT_CONVERSION = YES;
				CLANG_WARN_DIRECT_OBJC_ISA_USAGE = YES_ERROR;
				CLANG_WARN_EMPTY_BODY = YES;
				CLANG_WARN_ENUM_CONVERSION = YES;
				CLANG_WARN_INT_CONVERSION = YES;
				CLANG_WARN_OBJC_ROOT_CLASS = YES_ERROR;
				CLANG_WARN_UNREACHABLE_CODE = YES;
				CLANG_WARN__DUPLICATE_METHOD_MATCH = YES;
				"CODE_SIGN_IDENTITY[sdk=iphoneos*]" = "iPhone Developer";
				COPY_PHASE_STRIP = YES;
				ENABLE_NS_ASSERTIONS = NO;
				ENABLE_STRICT_OBJC_MSGSEND = YES;
				GCC_C_LANGUAGE_STANDARD = gnu99;
				GCC_WARN_64_TO_32_BIT_CONVERSION = YES;
				GCC_WARN_ABOUT_RETURN_TYPE = YES_ERROR;
				GCC_WARN_UNDECLARED_SELECTOR = YES;
				GCC_WARN_UNINITIALIZED_AUTOS = YES_AGGRESSIVE;
				GCC_WARN_UNUSED_FUNCTION = YES;
				GCC_WARN_UNUSED_VARIABLE = YES;
				IPHONEOS_DEPLOYMENT_TARGET = 7.0;
				MTL_ENABLE_DEBUG_INFO = NO;
				SDKROOT = iphoneos;
				VALIDATE_PRODUCT = YES;
			};
			name = Release;
		};
		7C207B4A19ACC20600AB2E17 /* Debug */ = {
			isa = XCBuildConfiguration;
			buildSettings = {
				ASSETCATALOG_COMPILER_APPICON_NAME = AppIcon;
				ASSETCATALOG_COMPILER_LAUNCHIMAGE_NAME = LaunchImage;
				INFOPLIST_FILE = QMFont/Info.plist;
				IPHONEOS_DEPLOYMENT_TARGET = 7.0;
				LD_RUNPATH_SEARCH_PATHS = "$(inherited) @executable_path/Frameworks";
				PRODUCT_NAME = "$(TARGET_NAME)";
			};
			name = Debug;
		};
		7C207B4B19ACC20600AB2E17 /* Release */ = {
			isa = XCBuildConfiguration;
			buildSettings = {
				ASSETCATALOG_COMPILER_APPICON_NAME = AppIcon;
				ASSETCATALOG_COMPILER_LAUNCHIMAGE_NAME = LaunchImage;
				INFOPLIST_FILE = QMFont/Info.plist;
				IPHONEOS_DEPLOYMENT_TARGET = 7.0;
				LD_RUNPATH_SEARCH_PATHS = "$(inherited) @executable_path/Frameworks";
				PRODUCT_NAME = "$(TARGET_NAME)";
			};
			name = Release;
		};
		7C207B4D19ACC20600AB2E17 /* Debug */ = {
			isa = XCBuildConfiguration;
			buildSettings = {
				BUNDLE_LOADER = "$(TEST_HOST)";
				FRAMEWORK_SEARCH_PATHS = (
					"$(SDKROOT)/Developer/Library/Frameworks",
					"$(inherited)",
				);
				GCC_PREPROCESSOR_DEFINITIONS = (
					"DEBUG=1",
					"$(inherited)",
				);
				INFOPLIST_FILE = QMFontTests/Info.plist;
				LD_RUNPATH_SEARCH_PATHS = "$(inherited) @executable_path/Frameworks @loader_path/Frameworks";
				PRODUCT_NAME = "$(TARGET_NAME)";
				TEST_HOST = "$(BUILT_PRODUCTS_DIR)/QMFont.app/QMFont";
			};
			name = Debug;
		};
		7C207B4E19ACC20600AB2E17 /* Release */ = {
			isa = XCBuildConfiguration;
			buildSettings = {
				BUNDLE_LOADER = "$(TEST_HOST)";
				FRAMEWORK_SEARCH_PATHS = (
					"$(SDKROOT)/Developer/Library/Frameworks",
					"$(inherited)",
				);
				INFOPLIST_FILE = QMFontTests/Info.plist;
				LD_RUNPATH_SEARCH_PATHS = "$(inherited) @executable_path/Frameworks @loader_path/Frameworks";
				PRODUCT_NAME = "$(TARGET_NAME)";
				TEST_HOST = "$(BUILT_PRODUCTS_DIR)/QMFont.app/QMFont";
			};
			name = Release;
		};
/* End XCBuildConfiguration section */

/* Begin XCConfigurationList section */
		7C207B2519ACC20600AB2E17 /* Build configuration list for PBXProject "QMFont" */ = {
			isa = XCConfigurationList;
			buildConfigurations = (
				7C207B4719ACC20600AB2E17 /* Debug */,
				7C207B4819ACC20600AB2E17 /* Release */,
			);
			defaultConfigurationIsVisible = 0;
			defaultConfigurationName = Release;
		};
		7C207B4919ACC20600AB2E17 /* Build configuration list for PBXNativeTarget "QMFont" */ = {
			isa = XCConfigurationList;
			buildConfigurations = (
				7C207B4A19ACC20600AB2E17 /* Debug */,
				7C207B4B19ACC20600AB2E17 /* Release */,
			);
			defaultConfigurationIsVisible = 0;
		};
		7C207B4C19ACC20600AB2E17 /* Build configuration list for PBXNativeTarget "QMFontTests" */ = {
			isa = XCConfigurationList;
			buildConfigurations = (
				7C207B4D19ACC20600AB2E17 /* Debug */,
				7C207B4E19ACC20600AB2E17 /* Release */,
			);
			defaultConfigurationIsVisible = 0;
		};
/* End XCConfigurationList section */

/* Begin XCVersionGroup section */
		7C207B3119ACC20600AB2E17 /* QMFont.xcdatamodeld */ = {
			isa = XCVersionGroup;
			children = (
				7C207B3219ACC20600AB2E17 /* QMFont.xcdatamodel */,
			);
			currentVersion = 7C207B3219ACC20600AB2E17 /* QMFont.xcdatamodel */;
			path = QMFont.xcdatamodeld;
			sourceTree = "<group>";
			versionGroupType = wrapper.xcdatamodel;
		};
/* End XCVersionGroup section */
	};
	rootObject = 7C207B2219ACC20600AB2E17 /* Project object */;
}
